# This file is automatically @generated by Poetry and should not be changed by hand.

[[package]]
name = "ffmpeg"
version = "1.4"
description = "ffmpeg python package url [https://github.com/jiashaokun/ffmpeg]"
category = "main"
optional = false
python-versions = "*"
files = [
    {file = "ffmpeg-1.4.tar.gz", hash = "sha256:6931692c890ff21d39938433c2189747815dca0c60ddc7f9bb97f199dba0b5b9"},
]

[metadata]
lock-version = "2.0"
python-versions = "^3.9"
content-hash = "3a1b1febb267cf3cd2615d06a7020e34fa5c0c537397028c0c916c3965216f59"
